
Microsoft Visual Studio Solution File, Format Version 12.00
# Visual Studio Version 17
VisualStudioVersion = 17.3.32819.101
MinimumVisualStudioVersion = 10.0.40219.1
Project("{9A19103F-16F7-4668-BE54-9A1E7A4F7556}") = "TheApp", "TheApp.csproj", "{8A4975A9-86DA-4D06-9953-25AB4037BFA0}"
EndProject
Project("{FAE04EC0-301F-11D3-BF4B-00C04F79EFBC}") = "Tests", "..\Tests\Tests.csproj", "{68699DBF-E733-4984-8967-2EA1363E33CE}"
	ProjectSection(ProjectDependencies) = postProject
		{8A4975A9-86DA-4D06-9953-25AB4037BFA0} = {8A4975A9-86DA-4D06-9953-25AB4037BFA0}
	EndProjectSection
EndProject
Global
	GlobalSection(SolutionConfigurationPlatforms) = preSolution
		Debug|Any CPU = Debug|Any CPU
		Release|Any CPU = Release|Any CPU
	EndGlobalSection
	GlobalSection(ProjectConfigurationPlatforms) = postSolution
		{8A4975A9-86DA-4D06-9953-25AB4037BFA0}.Debug|Any CPU.ActiveCfg = Debug|Any CPU
		{8A4975A9-86DA-4D06-9953-25AB4037BFA0}.Debug|Any CPU.Build.0 = Debug|Any CPU
		{8A4975A9-86DA-4D06-9953-25AB4037BFA0}.Release|Any CPU.ActiveCfg = Release|Any CPU
		{8A4975A9-86DA-4D06-9953-25AB4037BFA0}.Release|Any CPU.Build.0 = Release|Any CPU
		{68699DBF-E733-4984-8967-2EA1363E33CE}.Debug|Any CPU.ActiveCfg = Debug|Any CPU
		{68699DBF-E733-4984-8967-2EA1363E33CE}.Debug|Any CPU.Build.0 = Debug|Any CPU
		{68699DBF-E733-4984-8967-2EA1363E33CE}.Release|Any CPU.ActiveCfg = Release|Any CPU
		{68699DBF-E733-4984-8967-2EA1363E33CE}.Release|Any CPU.Build.0 = Release|Any CPU
	EndGlobalSection
	GlobalSection(SolutionProperties) = preSolution
		HideSolutionNode = FALSE
	EndGlobalSection
	GlobalSection(ExtensibilityGlobals) = postSolution
		SolutionGuid = {E6FCA019-3E4A-426D-9449-8BAF4EE6FBDB}
	EndGlobalSection
EndGlobal
